
Microsoft Visual Studio Solution File, Format Version 12.00
# Visual Studio Version 17
VisualStudioVersion = 17.14.36327.8
MinimumVisualStudioVersion = 10.0.40219.1
Project("{FAE04EC0-301F-11D3-BF4B-00C04F79EFBC}") = "WebApplication1", "WebApplication1\WebApplication1.csproj", "{3EE7E278-7D27-4710-AB54-B464CBAAAEEF}"
EndProject
Project("{FAE04EC0-301F-11D3-BF4B-00C04F79EFBC}") = "Infrastructure", "Infrastructure\Infrastructure.csproj", "{4DD72E09-2509-4A69-9695-A2B722370E8F}"
EndProject
Project("{FAE04EC0-301F-11D3-BF4B-00C04F79EFBC}") = "Application", "Application\Application.csproj", "{E5AD87F4-59B2-492A-B72A-BEEF52E3ECFE}"
EndProject
Global
	GlobalSection(SolutionConfigurationPlatforms) = preSolution
		Debug|Any CPU = Debug|Any CPU
		Release|Any CPU = Release|Any CPU
	EndGlobalSection
	GlobalSection(ProjectConfigurationPlatforms) = postSolution
		{3EE7E278-7D27-4710-AB54-B464CBAAAEEF}.Debug|Any CPU.ActiveCfg = Debug|Any CPU
		{3EE7E278-7D27-4710-AB54-B464CBAAAEEF}.Debug|Any CPU.Build.0 = Debug|Any CPU
		{3EE7E278-7D27-4710-AB54-B464CBAAAEEF}.Release|Any CPU.ActiveCfg = Release|Any CPU
		{3EE7E278-7D27-4710-AB54-B464CBAAAEEF}.Release|Any CPU.Build.0 = Release|Any CPU
		{4DD72E09-2509-4A69-9695-A2B722370E8F}.Debug|Any CPU.ActiveCfg = Debug|Any CPU
		{4DD72E09-2509-4A69-9695-A2B722370E8F}.Debug|Any CPU.Build.0 = Debug|Any CPU
		{4DD72E09-2509-4A69-9695-A2B722370E8F}.Release|Any CPU.ActiveCfg = Release|Any CPU
		{4DD72E09-2509-4A69-9695-A2B722370E8F}.Release|Any CPU.Build.0 = Release|Any CPU
		{E5AD87F4-59B2-492A-B72A-BEEF52E3ECFE}.Debug|Any CPU.ActiveCfg = Debug|Any CPU
		{E5AD87F4-59B2-492A-B72A-BEEF52E3ECFE}.Debug|Any CPU.Build.0 = Debug|Any CPU
		{E5AD87F4-59B2-492A-B72A-BEEF52E3ECFE}.Release|Any CPU.ActiveCfg = Release|Any CPU
		{E5AD87F4-59B2-492A-B72A-BEEF52E3ECFE}.Release|Any CPU.Build.0 = Release|Any CPU
	EndGlobalSection
	GlobalSection(SolutionProperties) = preSolution
		HideSolutionNode = FALSE
	EndGlobalSection
	GlobalSection(ExtensibilityGlobals) = postSolution
		SolutionGuid = {6996F0D9-3CC7-40CB-A5AB-75B4A98B4472}
	EndGlobalSection
EndGlobal
